
Microsoft Visual Studio Solution File, Format Version 12.00
# Visual Studio 15
VisualStudioVersion = 15.0.28307.645
MinimumVisualStudioVersion = 10.0.40219.1
Project("{FAE04EC0-301F-11D3-BF4B-00C04F79EFBC}") = "AudioPlayer", "AudioPlayer\AudioPlayer.csproj", "{07AF3220-F160-4565-B92D-010FCB39CC67}"
EndProject
Global
	GlobalSection(SolutionConfigurationPlatforms) = preSolution
		Debug|Any CPU = Debug|Any CPU
		Release|Any CPU = Release|Any CPU
	EndGlobalSection
	GlobalSection(ProjectConfigurationPlatforms) = postSolution
		{07AF3220-F160-4565-B92D-010FCB39CC67}.Debug|Any CPU.ActiveCfg = Debug|Any CPU
		{07AF3220-F160-4565-B92D-010FCB39CC67}.Debug|Any CPU.Build.0 = Debug|Any CPU
		{07AF3220-F160-4565-B92D-010FCB39CC67}.Release|Any CPU.ActiveCfg = Release|Any CPU
		{07AF3220-F160-4565-B92D-010FCB39CC67}.Release|Any CPU.Build.0 = Release|Any CPU
	EndGlobalSection
	GlobalSection(SolutionProperties) = preSolution
		HideSolutionNode = FALSE
	EndGlobalSection
	GlobalSection(ExtensibilityGlobals) = postSolution
		SolutionGuid = {1D0B4071-14DF-4983-B931-2774D9B1DC73}
	EndGlobalSection
EndGlobal
